
Microsoft Visual Studio Solution File, Format Version 12.00
# Visual Studio Version 17
VisualStudioVersion = 17.8.34309.116
MinimumVisualStudioVersion = 10.0.40219.1
Project("{9A19103F-16F7-4668-BE54-9A1E7A4F7556}") = "TransactionAPI", "TransactionAPI\TransactionAPI.csproj", "{7392BFF2-53CD-4E71-9295-497A23115203}"
EndProject
Project("{9A19103F-16F7-4668-BE54-9A1E7A4F7556}") = "MauiTransaction", "MauiTransaction\MauiTransaction.csproj", "{35314254-A66A-4AA0-860C-5AB92961F22C}"
EndProject
Global
	GlobalSection(SolutionConfigurationPlatforms) = preSolution
		Debug|Any CPU = Debug|Any CPU
		Release|Any CPU = Release|Any CPU
	EndGlobalSection
	GlobalSection(ProjectConfigurationPlatforms) = postSolution
		{7392BFF2-53CD-4E71-9295-497A23115203}.Debug|Any CPU.ActiveCfg = Debug|Any CPU
		{7392BFF2-53CD-4E71-9295-497A23115203}.Debug|Any CPU.Build.0 = Debug|Any CPU
		{7392BFF2-53CD-4E71-9295-497A23115203}.Release|Any CPU.ActiveCfg = Release|Any CPU
		{7392BFF2-53CD-4E71-9295-497A23115203}.Release|Any CPU.Build.0 = Release|Any CPU
		{35314254-A66A-4AA0-860C-5AB92961F22C}.Debug|Any CPU.ActiveCfg = Debug|Any CPU
		{35314254-A66A-4AA0-860C-5AB92961F22C}.Debug|Any CPU.Build.0 = Debug|Any CPU
		{35314254-A66A-4AA0-860C-5AB92961F22C}.Debug|Any CPU.Deploy.0 = Debug|Any CPU
		{35314254-A66A-4AA0-860C-5AB92961F22C}.Release|Any CPU.ActiveCfg = Release|Any CPU
		{35314254-A66A-4AA0-860C-5AB92961F22C}.Release|Any CPU.Build.0 = Release|Any CPU
		{35314254-A66A-4AA0-860C-5AB92961F22C}.Release|Any CPU.Deploy.0 = Release|Any CPU
	EndGlobalSection
	GlobalSection(SolutionProperties) = preSolution
		HideSolutionNode = FALSE
	EndGlobalSection
	GlobalSection(ExtensibilityGlobals) = postSolution
		SolutionGuid = {F0ED7BC2-C2E1-4843-A58A-DB8B1867E17E}
	EndGlobalSection
EndGlobal
